
Microsoft Visual Studio Solution File, Format Version 12.00
# Visual Studio Version 17
VisualStudioVersion = 17.14.36717.8
MinimumVisualStudioVersion = 10.0.40219.1
Project("{FAE04EC0-301F-11D3-BF4B-00C04F79EFBC}") = "HelloWorld", "HelloWorld.csproj", "{56EAB198-3EC4-4A7D-A413-581223AE8E44}"
EndProject
Project("{FAE04EC0-301F-11D3-BF4B-00C04F79EFBC}") = "HelloWorldInNet7", "..\HelloWorldInNet5\HelloWorldInNet7.csproj", "{A972942D-E1F9-4377-953F-86E707AAFCAF}"
EndProject
Global
	GlobalSection(SolutionConfigurationPlatforms) = preSolution
		Debug|Any CPU = Debug|Any CPU
		Release|Any CPU = Release|Any CPU
	EndGlobalSection
	GlobalSection(ProjectConfigurationPlatforms) = postSolution
		{56EAB198-3EC4-4A7D-A413-581223AE8E44}.Debug|Any CPU.ActiveCfg = Debug|Any CPU
		{56EAB198-3EC4-4A7D-A413-581223AE8E44}.Debug|Any CPU.Build.0 = Debug|Any CPU
		{56EAB198-3EC4-4A7D-A413-581223AE8E44}.Release|Any CPU.ActiveCfg = Release|Any CPU
		{56EAB198-3EC4-4A7D-A413-581223AE8E44}.Release|Any CPU.Build.0 = Release|Any CPU
		{A972942D-E1F9-4377-953F-86E707AAFCAF}.Debug|Any CPU.ActiveCfg = Debug|Any CPU
		{A972942D-E1F9-4377-953F-86E707AAFCAF}.Debug|Any CPU.Build.0 = Debug|Any CPU
		{A972942D-E1F9-4377-953F-86E707AAFCAF}.Release|Any CPU.ActiveCfg = Release|Any CPU
		{A972942D-E1F9-4377-953F-86E707AAFCAF}.Release|Any CPU.Build.0 = Release|Any CPU
	EndGlobalSection
	GlobalSection(SolutionProperties) = preSolution
		HideSolutionNode = FALSE
	EndGlobalSection
	GlobalSection(ExtensibilityGlobals) = postSolution
		SolutionGuid = {544A0BA7-2E26-4569-91D7-7D860623DC4E}
	EndGlobalSection
EndGlobal
